// !$*UTF8*$!
{
	archiveVersion = 1;
	classes = {
	};
	objectVersion = 55;
	objects = {

/* Begin PBXBuildFile section */
		571B7AFA284ABC71006BAEEB /* CheckdApp.swift in Sources */ = {isa = PBXBuildFile; fileRef = 571B7AF9284ABC71006BAEEB /* CheckdApp.swift */; };
		571B7AFC284ABC71006BAEEB /* ListView.swift in Sources */ = {isa = PBXBuildFile; fileRef = 571B7AFB284ABC71006BAEEB /* ListView.swift */; };
		571B7AFE284ABC73006BAEEB /* Assets.xcassets in Resources */ = {isa = PBXBuildFile; fileRef = 571B7AFD284ABC73006BAEEB /* Assets.xcassets */; };
		571B7B01284ABC73006BAEEB /* Preview Assets.xcassets in Resources */ = {isa = PBXBuildFile; fileRef = 571B7B00284ABC73006BAEEB /* Preview Assets.xcassets */; };
		571B7B03284ABC73006BAEEB /* CoreDataStack.swift in Sources */ = {isa = PBXBuildFile; fileRef = 571B7B02284ABC73006BAEEB /* CoreDataStack.swift */; };
		571B7B06284ABC73006BAEEB /* Checkd.xcdatamodeld in Sources */ = {isa = PBXBuildFile; fileRef = 571B7B04284ABC73006BAEEB /* Checkd.xcdatamodeld */; };
		571B7B10284ABC73006BAEEB /* CheckdTests.swift in Sources */ = {isa = PBXBuildFile; fileRef = 571B7B0F284ABC73006BAEEB /* CheckdTests.swift */; };
		571B7B2F284AC3B1006BAEEB /* ListEntity.swift in Sources */ = {isa = PBXBuildFile; fileRef = 571B7B2E284AC3B1006BAEEB /* ListEntity.swift */; };
		571B7B31284AC3BC006BAEEB /* TodoEntity.swift in Sources */ = {isa = PBXBuildFile; fileRef = 571B7B30284AC3BB006BAEEB /* TodoEntity.swift */; };
		571B7B33284ACB9D006BAEEB /* ListRepository.swift in Sources */ = {isa = PBXBuildFile; fileRef = 571B7B32284ACB9D006BAEEB /* ListRepository.swift */; };
		571B7B35284ACBA6006BAEEB /* TodoRepository.swift in Sources */ = {isa = PBXBuildFile; fileRef = 571B7B34284ACBA6006BAEEB /* TodoRepository.swift */; };
		571B7B37284ACBBE006BAEEB /* Repository.swift in Sources */ = {isa = PBXBuildFile; fileRef = 571B7B36284ACBBE006BAEEB /* Repository.swift */; };
/* End PBXBuildFile section */

/* Begin PBXContainerItemProxy section */
		571B7B0C284ABC73006BAEEB /* PBXContainerItemProxy */ = {
			isa = PBXContainerItemProxy;
			containerPortal = 571B7AEE284ABC71006BAEEB /* Project object */;
			proxyType = 1;
			remoteGlobalIDString = 571B7AF5284ABC71006BAEEB;
			remoteInfo = Checkd;
		};
		571B7B16284ABC73006BAEEB /* PBXContainerItemProxy */ = {
			isa = PBXContainerItemProxy;
			containerPortal = 571B7AEE284ABC71006BAEEB /* Project object */;
			proxyType = 1;
			remoteGlobalIDString = 571B7AF5284ABC71006BAEEB;
			remoteInfo = Checkd;
		};
/* End PBXContainerItemProxy section */

/* Begin PBXFileReference section */
		571B7AF6284ABC71006BAEEB /* Checkd.app */ = {isa = PBXFileReference; explicitFileType = wrapper.application; includeInIndex = 0; path = Checkd.app; sourceTree = BUILT_PRODUCTS_DIR; };
		571B7AF9284ABC71006BAEEB /* CheckdApp.swift */ = {isa = PBXFileReference; lastKnownFileType = sourcecode.swift; path = CheckdApp.swift; sourceTree = "<group>"; };
		571B7AFB284ABC71006BAEEB /* ListView.swift */ = {isa = PBXFileReference; lastKnownFileType = sourcecode.swift; path = ListView.swift; sourceTree = "<group>"; };
		571B7AFD284ABC73006BAEEB /* Assets.xcassets */ = {isa = PBXFileReference; lastKnownFileType = folder.assetcatalog; path = Assets.xcassets; sourceTree = "<group>"; };
		571B7B00284ABC73006BAEEB /* Preview Assets.xcassets */ = {isa = PBXFileReference; lastKnownFileType = folder.assetcatalog; path = "Preview Assets.xcassets"; sourceTree = "<group>"; };
		571B7B02284ABC73006BAEEB /* CoreDataStack.swift */ = {isa = PBXFileReference; lastKnownFileType = sourcecode.swift; path = CoreDataStack.swift; sourceTree = "<group>"; };
		571B7B05284ABC73006BAEEB /* Checkd.xcdatamodel */ = {isa = PBXFileReference; lastKnownFileType = wrapper.xcdatamodel; path = Checkd.xcdatamodel; sourceTree = "<group>"; };
		571B7B0B284ABC73006BAEEB /* CheckdTests.xctest */ = {isa = PBXFileReference; explicitFileType = wrapper.cfbundle; includeInIndex = 0; path = CheckdTests.xctest; sourceTree = BUILT_PRODUCTS_DIR; };
		571B7B0F284ABC73006BAEEB /* CheckdTests.swift */ = {isa = PBXFileReference; lastKnownFileType = sourcecode.swift; path = CheckdTests.swift; sourceTree = "<group>"; };
		571B7B15284ABC73006BAEEB /* CheckdUITests.xctest */ = {isa = PBXFileReference; explicitFileType = wrapper.cfbundle; includeInIndex = 0; path = CheckdUITests.xctest; sourceTree = BUILT_PRODUCTS_DIR; };
		571B7B2E284AC3B1006BAEEB /* ListEntity.swift */ = {isa = PBXFileReference; lastKnownFileType = sourcecode.swift; path = ListEntity.swift; sourceTree = "<group>"; };
		571B7B30284AC3BB006BAEEB /* TodoEntity.swift */ = {isa = PBXFileReference; lastKnownFileType = sourcecode.swift; path = TodoEntity.swift; sourceTree = "<group>"; };
		571B7B32284ACB9D006BAEEB /* ListRepository.swift */ = {isa = PBXFileReference; lastKnownFileType = sourcecode.swift; path = ListRepository.swift; sourceTree = "<group>"; };
		571B7B34284ACBA6006BAEEB /* TodoRepository.swift */ = {isa = PBXFileReference; lastKnownFileType = sourcecode.swift; path = TodoRepository.swift; sourceTree = "<group>"; };
		571B7B36284ACBBE006BAEEB /* Repository.swift */ = {isa = PBXFileReference; lastKnownFileType = sourcecode.swift; path = Repository.swift; sourceTree = "<group>"; };
/* End PBXFileReference section */

/* Begin PBXFrameworksBuildPhase section */
		571B7AF3284ABC71006BAEEB /* Frameworks */ = {
			isa = PBXFrameworksBuildPhase;
			buildActionMask = 2147483647;
			files = (
			);
			runOnlyForDeploymentPostprocessing = 0;
		};
		571B7B08284ABC73006BAEEB /* Frameworks */ = {
			isa = PBXFrameworksBuildPhase;
			buildActionMask = 2147483647;
			files = (
			);
			runOnlyForDeploymentPostprocessing = 0;
		};
		571B7B12284ABC73006BAEEB /* Frameworks */ = {
			isa = PBXFrameworksBuildPhase;
			buildActionMask = 2147483647;
			files = (
			);
			runOnlyForDeploymentPostprocessing = 0;
		};
/* End PBXFrameworksBuildPhase section */

/* Begin PBXGroup section */
		571B7AED284ABC71006BAEEB = {
			isa = PBXGroup;
			children = (
				571B7AF8284ABC71006BAEEB /* Checkd */,
				571B7B0E284ABC73006BAEEB /* CheckdTests */,
				571B7AF7284ABC71006BAEEB /* Products */,
			);
			sourceTree = "<group>";
		};
		571B7AF7284ABC71006BAEEB /* Products */ = {
			isa = PBXGroup;
			children = (
				571B7AF6284ABC71006BAEEB /* Checkd.app */,
				571B7B0B284ABC73006BAEEB /* CheckdTests.xctest */,
				571B7B15284ABC73006BAEEB /* CheckdUITests.xctest */,
			);
			name = Products;
			sourceTree = "<group>";
		};
		571B7AF8284ABC71006BAEEB /* Checkd */ = {
			isa = PBXGroup;
			children = (
				571B7AFD284ABC73006BAEEB /* Assets.xcassets */,
				571B7AF9284ABC71006BAEEB /* CheckdApp.swift */,
				571B7B2B284AC0F6006BAEEB /* CoreData */,
				571B7B2D284AC10A006BAEEB /* Entities */,
				571B7AFF284ABC73006BAEEB /* Preview Content */,
				571B7B2C284AC100006BAEEB /* Repositories */,
				571B7B28284AC0D1006BAEEB /* Views */,
			);
			path = Checkd;
			sourceTree = "<group>";
		};
		571B7AFF284ABC73006BAEEB /* Preview Content */ = {
			isa = PBXGroup;
			children = (
				571B7B00284ABC73006BAEEB /* Preview Assets.xcassets */,
			);
			path = "Preview Content";
			sourceTree = "<group>";
		};
		571B7B0E284ABC73006BAEEB /* CheckdTests */ = {
			isa = PBXGroup;
			children = (
				571B7B0F284ABC73006BAEEB /* CheckdTests.swift */,
			);
			path = CheckdTests;
			sourceTree = "<group>";
		};
		571B7B28284AC0D1006BAEEB /* Views */ = {
			isa = PBXGroup;
			children = (
				571B7B29284AC0D8006BAEEB /* ListView */,
				571B7B2A284AC0E9006BAEEB /* TodoListView */,
			);
			path = Views;
			sourceTree = "<group>";
		};
		571B7B29284AC0D8006BAEEB /* ListView */ = {
			isa = PBXGroup;
			children = (
				571B7AFB284ABC71006BAEEB /* ListView.swift */,
			);
			path = ListView;
			sourceTree = "<group>";
		};
		571B7B2A284AC0E9006BAEEB /* TodoListView */ = {
			isa = PBXGroup;
			children = (
			);
			path = TodoListView;
			sourceTree = "<group>";
		};
		571B7B2B284AC0F6006BAEEB /* CoreData */ = {
			isa = PBXGroup;
			children = (
				571B7B02284ABC73006BAEEB /* CoreDataStack.swift */,
				571B7B04284ABC73006BAEEB /* Checkd.xcdatamodeld */,
			);
			path = CoreData;
			sourceTree = "<group>";
		};
		571B7B2C284AC100006BAEEB /* Repositories */ = {
			isa = PBXGroup;
			children = (
				571B7B32284ACB9D006BAEEB /* ListRepository.swift */,
				571B7B36284ACBBE006BAEEB /* Repository.swift */,
				571B7B34284ACBA6006BAEEB /* TodoRepository.swift */,
			);
			path = Repositories;
			sourceTree = "<group>";
		};
		571B7B2D284AC10A006BAEEB /* Entities */ = {
			isa = PBXGroup;
			children = (
				571B7B2E284AC3B1006BAEEB /* ListEntity.swift */,
				571B7B30284AC3BB006BAEEB /* TodoEntity.swift */,
			);
			path = Entities;
			sourceTree = "<group>";
		};
/* End PBXGroup section */

/* Begin PBXNativeTarget section */
		571B7AF5284ABC71006BAEEB /* Checkd */ = {
			isa = PBXNativeTarget;
			buildConfigurationList = 571B7B1F284ABC73006BAEEB /* Build configuration list for PBXNativeTarget "Checkd" */;
			buildPhases = (
				571B7AF2284ABC71006BAEEB /* Sources */,
				571B7AF3284ABC71006BAEEB /* Frameworks */,
				571B7AF4284ABC71006BAEEB /* Resources */,
			);
			buildRules = (
			);
			dependencies = (
			);
			name = Checkd;
			productName = Checkd;
			productReference = 571B7AF6284ABC71006BAEEB /* Checkd.app */;
			productType = "com.apple.product-type.application";
		};
		571B7B0A284ABC73006BAEEB /* CheckdTests */ = {
			isa = PBXNativeTarget;
			buildConfigurationList = 571B7B22284ABC73006BAEEB /* Build configuration list for PBXNativeTarget "CheckdTests" */;
			buildPhases = (
				571B7B07284ABC73006BAEEB /* Sources */,
				571B7B08284ABC73006BAEEB /* Frameworks */,
				571B7B09284ABC73006BAEEB /* Resources */,
			);
			buildRules = (
			);
			dependencies = (
				571B7B0D284ABC73006BAEEB /* PBXTargetDependency */,
			);
			name = CheckdTests;
			productName = CheckdTests;
			productReference = 571B7B0B284ABC73006BAEEB /* CheckdTests.xctest */;
			productType = "com.apple.product-type.bundle.unit-test";
		};
		571B7B14284ABC73006BAEEB /* CheckdUITests */ = {
			isa = PBXNativeTarget;
			buildConfigurationList = 571B7B25284ABC73006BAEEB /* Build configuration list for PBXNativeTarget "CheckdUITests" */;
			buildPhases = (
				571B7B11284ABC73006BAEEB /* Sources */,
				571B7B12284ABC73006BAEEB /* Frameworks */,
				571B7B13284ABC73006BAEEB /* Resources */,
			);
			buildRules = (
			);
			dependencies = (
				571B7B17284ABC73006BAEEB /* PBXTargetDependency */,
			);
			name = CheckdUITests;
			productName = CheckdUITests;
			productReference = 571B7B15284ABC73006BAEEB /* CheckdUITests.xctest */;
			productType = "com.apple.product-type.bundle.ui-testing";
		};
/* End PBXNativeTarget section */

/* Begin PBXProject section */
		571B7AEE284ABC71006BAEEB /* Project object */ = {
			isa = PBXProject;
			attributes = {
				BuildIndependentTargetsInParallel = 1;
				LastSwiftUpdateCheck = 1340;
				LastUpgradeCheck = 1340;
				TargetAttributes = {
					571B7AF5284ABC71006BAEEB = {
						CreatedOnToolsVersion = 13.4;
					};
					571B7B0A284ABC73006BAEEB = {
						CreatedOnToolsVersion = 13.4;
						TestTargetID = 571B7AF5284ABC71006BAEEB;
					};
					571B7B14284ABC73006BAEEB = {
						CreatedOnToolsVersion = 13.4;
						TestTargetID = 571B7AF5284ABC71006BAEEB;
					};
				};
			};
			buildConfigurationList = 571B7AF1284ABC71006BAEEB /* Build configuration list for PBXProject "Checkd" */;
			compatibilityVersion = "Xcode 13.0";
			developmentRegion = en;
			hasScannedForEncodings = 0;
			knownRegions = (
				en,
				Base,
			);
			mainGroup = 571B7AED284ABC71006BAEEB;
			productRefGroup = 571B7AF7284ABC71006BAEEB /* Products */;
			projectDirPath = "";
			projectRoot = "";
			targets = (
				571B7AF5284ABC71006BAEEB /* Checkd */,
				571B7B0A284ABC73006BAEEB /* CheckdTests */,
				571B7B14284ABC73006BAEEB /* CheckdUITests */,
			);
		};
/* End PBXProject section */

/* Begin PBXResourcesBuildPhase section */
		571B7AF4284ABC71006BAEEB /* Resources */ = {
			isa = PBXResourcesBuildPhase;
			buildActionMask = 2147483647;
			files = (
				571B7B01284ABC73006BAEEB /* Preview Assets.xcassets in Resources */,
				571B7AFE284ABC73006BAEEB /* Assets.xcassets in Resources */,
			);
			runOnlyForDeploymentPostprocessing = 0;
		};
		571B7B09284ABC73006BAEEB /* Resources */ = {
			isa = PBXResourcesBuildPhase;
			buildActionMask = 2147483647;
			files = (
			);
			runOnlyForDeploymentPostprocessing = 0;
		};
		571B7B13284ABC73006BAEEB /* Resources */ = {
			isa = PBXResourcesBuildPhase;
			buildActionMask = 2147483647;
			files = (
			);
			runOnlyForDeploymentPostprocessing = 0;
		};
/* End PBXResourcesBuildPhase section */

/* Begin PBXSourcesBuildPhase section */
		571B7AF2284ABC71006BAEEB /* Sources */ = {
			isa = PBXSourcesBuildPhase;
			buildActionMask = 2147483647;
			files = (
				571B7B31284AC3BC006BAEEB /* TodoEntity.swift in Sources */,
				571B7B03284ABC73006BAEEB /* CoreDataStack.swift in Sources */,
				571B7B06284ABC73006BAEEB /* Checkd.xcdatamodeld in Sources */,
				571B7B2F284AC3B1006BAEEB /* ListEntity.swift in Sources */,
				571B7AFC284ABC71006BAEEB /* ListView.swift in Sources */,
				571B7B35284ACBA6006BAEEB /* TodoRepository.swift in Sources */,
				571B7B33284ACB9D006BAEEB /* ListRepository.swift in Sources */,
				571B7AFA284ABC71006BAEEB /* CheckdApp.swift in Sources */,
				571B7B37284ACBBE006BAEEB /* Repository.swift in Sources */,
			);
			runOnlyForDeploymentPostprocessing = 0;
		};
		571B7B07284ABC73006BAEEB /* Sources */ = {
			isa = PBXSourcesBuildPhase;
			buildActionMask = 2147483647;
			files = (
				571B7B10284ABC73006BAEEB /* CheckdTests.swift in Sources */,
			);
			runOnlyForDeploymentPostprocessing = 0;
		};
		571B7B11284ABC73006BAEEB /* Sources */ = {
			isa = PBXSourcesBuildPhase;
			buildActionMask = 2147483647;
			files = (
			);
			runOnlyForDeploymentPostprocessing = 0;
		};
/* End PBXSourcesBuildPhase section */

/* Begin PBXTargetDependency section */
		571B7B0D284ABC73006BAEEB /* PBXTargetDependency */ = {
			isa = PBXTargetDependency;
			target = 571B7AF5284ABC71006BAEEB /* Checkd */;
			targetProxy = 571B7B0C284ABC73006BAEEB /* PBXContainerItemProxy */;
		};
		571B7B17284ABC73006BAEEB /* PBXTargetDependency */ = {
			isa = PBXTargetDependency;
			target = 571B7AF5284ABC71006BAEEB /* Checkd */;
			targetProxy = 571B7B16284ABC73006BAEEB /* PBXContainerItemProxy */;
		};
/* End PBXTargetDependency section */

/* Begin XCBuildConfiguration section */
		571B7B1D284ABC73006BAEEB /* Debug */ = {
			isa = XCBuildConfiguration;
			buildSettings = {
				ALWAYS_SEARCH_USER_PATHS = NO;
				CLANG_ANALYZER_NONNULL = YES;
				CLANG_ANALYZER_NUMBER_OBJECT_CONVERSION = YES_AGGRESSIVE;
				CLANG_CXX_LANGUAGE_STANDARD = "gnu++17";
				CLANG_ENABLE_MODULES = YES;
				CLANG_ENABLE_OBJC_ARC = YES;
				CLANG_ENABLE_OBJC_WEAK = YES;
				CLANG_WARN_BLOCK_CAPTURE_AUTORELEASING = YES;
				CLANG_WARN_BOOL_CONVERSION = YES;
				CLANG_WARN_COMMA = YES;
				CLANG_WARN_CONSTANT_CONVERSION = YES;
				CLANG_WARN_DEPRECATED_OBJC_IMPLEMENTATIONS = YES;
				CLANG_WARN_DIRECT_OBJC_ISA_USAGE = YES_ERROR;
				CLANG_WARN_DOCUMENTATION_COMMENTS = YES;
				CLANG_WARN_EMPTY_BODY = YES;
				CLANG_WARN_ENUM_CONVERSION = YES;
				CLANG_WARN_INFINITE_RECURSION = YES;
				CLANG_WARN_INT_CONVERSION = YES;
				CLANG_WARN_NON_LITERAL_NULL_CONVERSION = YES;
				CLANG_WARN_OBJC_IMPLICIT_RETAIN_SELF = YES;
				CLANG_WARN_OBJC_LITERAL_CONVERSION = YES;
				CLANG_WARN_OBJC_ROOT_CLASS = YES_ERROR;
				CLANG_WARN_QUOTED_INCLUDE_IN_FRAMEWORK_HEADER = YES;
				CLANG_WARN_RANGE_LOOP_ANALYSIS = YES;
				CLANG_WARN_STRICT_PROTOTYPES = YES;
				CLANG_WARN_SUSPICIOUS_MOVE = YES;
				CLANG_WARN_UNGUARDED_AVAILABILITY = YES_AGGRESSIVE;
				CLANG_WARN_UNREACHABLE_CODE = YES;
				CLANG_WARN__DUPLICATE_METHOD_MATCH = YES;
				COPY_PHASE_STRIP = NO;
				DEBUG_INFORMATION_FORMAT = dwarf;
				ENABLE_STRICT_OBJC_MSGSEND = YES;
				ENABLE_TESTABILITY = YES;
				GCC_C_LANGUAGE_STANDARD = gnu11;
				GCC_DYNAMIC_NO_PIC = NO;
				GCC_NO_COMMON_BLOCKS = YES;
				GCC_OPTIMIZATION_LEVEL = 0;
				GCC_PREPROCESSOR_DEFINITIONS = (
					"DEBUG=1",
					"$(inherited)",
				);
				GCC_WARN_64_TO_32_BIT_CONVERSION = YES;
				GCC_WARN_ABOUT_RETURN_TYPE = YES_ERROR;
				GCC_WARN_UNDECLARED_SELECTOR = YES;
				GCC_WARN_UNINITIALIZED_AUTOS = YES_AGGRESSIVE;
				GCC_WARN_UNUSED_FUNCTION = YES;
				GCC_WARN_UNUSED_VARIABLE = YES;
				IPHONEOS_DEPLOYMENT_TARGET = 15.5;
				MTL_ENABLE_DEBUG_INFO = INCLUDE_SOURCE;
				MTL_FAST_MATH = YES;
				ONLY_ACTIVE_ARCH = YES;
				SDKROOT = iphoneos;
				SWIFT_ACTIVE_COMPILATION_CONDITIONS = DEBUG;
				SWIFT_OPTIMIZATION_LEVEL = "-Onone";
			};
			name = Debug;
		};
		571B7B1E284ABC73006BAEEB /* Release */ = {
			isa = XCBuildConfiguration;
			buildSettings = {
				ALWAYS_SEARCH_USER_PATHS = NO;
				CLANG_ANALYZER_NONNULL = YES;
				CLANG_ANALYZER_NUMBER_OBJECT_CONVERSION = YES_AGGRESSIVE;
				CLANG_CXX_LANGUAGE_STANDARD = "gnu++17";
				CLANG_ENABLE_MODULES = YES;
				CLANG_ENABLE_OBJC_ARC = YES;
				CLANG_ENABLE_OBJC_WEAK = YES;
				CLANG_WARN_BLOCK_CAPTURE_AUTORELEASING = YES;
				CLANG_WARN_BOOL_CONVERSION = YES;
				CLANG_WARN_COMMA = YES;
				CLANG_WARN_CONSTANT_CONVERSION = YES;
				CLANG_WARN_DEPRECATED_OBJC_IMPLEMENTATIONS = YES;
				CLANG_WARN_DIRECT_OBJC_ISA_USAGE = YES_ERROR;
				CLANG_WARN_DOCUMENTATION_COMMENTS = YES;
				CLANG_WARN_EMPTY_BODY = YES;
				CLANG_WARN_ENUM_CONVERSION = YES;
				CLANG_WARN_INFINITE_RECURSION = YES;
				CLANG_WARN_INT_CONVERSION = YES;
				CLANG_WARN_NON_LITERAL_NULL_CONVERSION = YES;
				CLANG_WARN_OBJC_IMPLICIT_RETAIN_SELF = YES;
				CLANG_WARN_OBJC_LITERAL_CONVERSION = YES;
				CLANG_WARN_OBJC_ROOT_CLASS = YES_ERROR;
				CLANG_WARN_QUOTED_INCLUDE_IN_FRAMEWORK_HEADER = YES;
				CLANG_WARN_RANGE_LOOP_ANALYSIS = YES;
				CLANG_WARN_STRICT_PROTOTYPES = YES;
				CLANG_WARN_SUSPICIOUS_MOVE = YES;
				CLANG_WARN_UNGUARDED_AVAILABILITY = YES_AGGRESSIVE;
				CLANG_WARN_UNREACHABLE_CODE = YES;
				CLANG_WARN__DUPLICATE_METHOD_MATCH = YES;
				COPY_PHASE_STRIP = NO;
				DEBUG_INFORMATION_FORMAT = "dwarf-with-dsym";
				ENABLE_NS_ASSERTIONS = NO;
				ENABLE_STRICT_OBJC_MSGSEND = YES;
				GCC_C_LANGUAGE_STANDARD = gnu11;
				GCC_NO_COMMON_BLOCKS = YES;
				GCC_WARN_64_TO_32_BIT_CONVERSION = YES;
				GCC_WARN_ABOUT_RETURN_TYPE = YES_ERROR;
				GCC_WARN_UNDECLARED_SELECTOR = YES;
				GCC_WARN_UNINITIALIZED_AUTOS = YES_AGGRESSIVE;
				GCC_WARN_UNUSED_FUNCTION = YES;
				GCC_WARN_UNUSED_VARIABLE = YES;
				IPHONEOS_DEPLOYMENT_TARGET = 15.5;
				MTL_ENABLE_DEBUG_INFO = NO;
				MTL_FAST_MATH = YES;
				SDKROOT = iphoneos;
				SWIFT_COMPILATION_MODE = wholemodule;
				SWIFT_OPTIMIZATION_LEVEL = "-O";
				VALIDATE_PRODUCT = YES;
			};
			name = Release;
		};
		571B7B20284ABC73006BAEEB /* Debug */ = {
			isa = XCBuildConfiguration;
			buildSettings = {
				ASSETCATALOG_COMPILER_APPICON_NAME = AppIcon;
				ASSETCATALOG_COMPILER_GLOBAL_ACCENT_COLOR_NAME = AccentColor;
				CODE_SIGN_STYLE = Automatic;
				CURRENT_PROJECT_VERSION = 1;
				DEVELOPMENT_ASSET_PATHS = "\"Checkd/Preview Content\"";
				DEVELOPMENT_TEAM = C66Y3DM74C;
				ENABLE_PREVIEWS = YES;
				GENERATE_INFOPLIST_FILE = YES;
				INFOPLIST_KEY_UIApplicationSceneManifest_Generation = YES;
				INFOPLIST_KEY_UIApplicationSupportsIndirectInputEvents = YES;
				INFOPLIST_KEY_UILaunchScreen_Generation = YES;
				INFOPLIST_KEY_UISupportedInterfaceOrientations_iPad = "UIInterfaceOrientationPortrait UIInterfaceOrientationPortraitUpsideDown UIInterfaceOrientationLandscapeLeft UIInterfaceOrientationLandscapeRight";
				INFOPLIST_KEY_UISupportedInterfaceOrientations_iPhone = "UIInterfaceOrientationPortrait UIInterfaceOrientationLandscapeLeft UIInterfaceOrientationLandscapeRight";
				IPHONEOS_DEPLOYMENT_TARGET = 15.0;
				LD_RUNPATH_SEARCH_PATHS = (
					"$(inherited)",
					"@executable_path/Frameworks",
				);
				MARKETING_VERSION = 1.0;
				PRODUCT_BUNDLE_IDENTIFIER = com.JoshRondestvedt.Checkd;
				PRODUCT_NAME = "$(TARGET_NAME)";
				SWIFT_EMIT_LOC_STRINGS = YES;
				SWIFT_VERSION = 5.0;
				TARGETED_DEVICE_FAMILY = "1,2";
			};
			name = Debug;
		};
		571B7B21284ABC73006BAEEB /* Release */ = {
			isa = XCBuildConfiguration;
			buildSettings = {
				ASSETCATALOG_COMPILER_APPICON_NAME = AppIcon;
				ASSETCATALOG_COMPILER_GLOBAL_ACCENT_COLOR_NAME = AccentColor;
				CODE_SIGN_STYLE = Automatic;
				CURRENT_PROJECT_VERSION = 1;
				DEVELOPMENT_ASSET_PATHS = "\"Checkd/Preview Content\"";
				DEVELOPMENT_TEAM = C66Y3DM74C;
				ENABLE_PREVIEWS = YES;
				GENERATE_INFOPLIST_FILE = YES;
				INFOPLIST_KEY_UIApplicationSceneManifest_Generation = YES;
				INFOPLIST_KEY_UIApplicationSupportsIndirectInputEvents = YES;
				INFOPLIST_KEY_UILaunchScreen_Generation = YES;
				INFOPLIST_KEY_UISupportedInterfaceOrientations_iPad = "UIInterfaceOrientationPortrait UIInterfaceOrientationPortraitUpsideDown UIInterfaceOrientationLandscapeLeft UIInterfaceOrientationLandscapeRight";
				INFOPLIST_KEY_UISupportedInterfaceOrientations_iPhone = "UIInterfaceOrientationPortrait UIInterfaceOrientationLandscapeLeft UIInterfaceOrientationLandscapeRight";
				IPHONEOS_DEPLOYMENT_TARGET = 15.0;
				LD_RUNPATH_SEARCH_PATHS = (
					"$(inherited)",
					"@executable_path/Frameworks",
				);
				MARKETING_VERSION = 1.0;
				PRODUCT_BUNDLE_IDENTIFIER = com.JoshRondestvedt.Checkd;
				PRODUCT_NAME = "$(TARGET_NAME)";
				SWIFT_EMIT_LOC_STRINGS = YES;
				SWIFT_VERSION = 5.0;
				TARGETED_DEVICE_FAMILY = "1,2";
			};
			name = Release;
		};
		571B7B23284ABC73006BAEEB /* Debug */ = {
			isa = XCBuildConfiguration;
			buildSettings = {
				ALWAYS_EMBED_SWIFT_STANDARD_LIBRARIES = YES;
				BUNDLE_LOADER = "$(TEST_HOST)";
				CODE_SIGN_STYLE = Automatic;
				CURRENT_PROJECT_VERSION = 1;
				DEVELOPMENT_TEAM = C66Y3DM74C;
				GENERATE_INFOPLIST_FILE = YES;
				IPHONEOS_DEPLOYMENT_TARGET = 15.5;
				MARKETING_VERSION = 1.0;
				PRODUCT_BUNDLE_IDENTIFIER = com.JoshRondestvedt.CheckdTests;
				PRODUCT_NAME = "$(TARGET_NAME)";
				SWIFT_EMIT_LOC_STRINGS = NO;
				SWIFT_VERSION = 5.0;
				TARGETED_DEVICE_FAMILY = "1,2";
				TEST_HOST = "$(BUILT_PRODUCTS_DIR)/Checkd.app/Checkd";
			};
			name = Debug;
		};
		571B7B24284ABC73006BAEEB /* Release */ = {
			isa = XCBuildConfiguration;
			buildSettings = {
				ALWAYS_EMBED_SWIFT_STANDARD_LIBRARIES = YES;
				BUNDLE_LOADER = "$(TEST_HOST)";
				CODE_SIGN_STYLE = Automatic;
				CURRENT_PROJECT_VERSION = 1;
				DEVELOPMENT_TEAM = C66Y3DM74C;
				GENERATE_INFOPLIST_FILE = YES;
				IPHONEOS_DEPLOYMENT_TARGET = 15.5;
				MARKETING_VERSION = 1.0;
				PRODUCT_BUNDLE_IDENTIFIER = com.JoshRondestvedt.CheckdTests;
				PRODUCT_NAME = "$(TARGET_NAME)";
				SWIFT_EMIT_LOC_STRINGS = NO;
				SWIFT_VERSION = 5.0;
				TARGETED_DEVICE_FAMILY = "1,2";
				TEST_HOST = "$(BUILT_PRODUCTS_DIR)/Checkd.app/Checkd";
			};
			name = Release;
		};
		571B7B26284ABC73006BAEEB /* Debug */ = {
			isa = XCBuildConfiguration;
			buildSettings = {
				ALWAYS_EMBED_SWIFT_STANDARD_LIBRARIES = YES;
				CODE_SIGN_STYLE = Automatic;
				CURRENT_PROJECT_VERSION = 1;
				DEVELOPMENT_TEAM = C66Y3DM74C;
				GENERATE_INFOPLIST_FILE = YES;
				MARKETING_VERSION = 1.0;
				PRODUCT_BUNDLE_IDENTIFIER = com.JoshRondestvedt.CheckdUITests;
				PRODUCT_NAME = "$(TARGET_NAME)";
				SWIFT_EMIT_LOC_STRINGS = NO;
				SWIFT_VERSION = 5.0;
				TARGETED_DEVICE_FAMILY = "1,2";
				TEST_TARGET_NAME = Checkd;
			};
			name = Debug;
		};
		571B7B27284ABC73006BAEEB /* Release */ = {
			isa = XCBuildConfiguration;
			buildSettings = {
				ALWAYS_EMBED_SWIFT_STANDARD_LIBRARIES = YES;
				CODE_SIGN_STYLE = Automatic;
				CURRENT_PROJECT_VERSION = 1;
				DEVELOPMENT_TEAM = C66Y3DM74C;
				GENERATE_INFOPLIST_FILE = YES;
				MARKETING_VERSION = 1.0;
				PRODUCT_BUNDLE_IDENTIFIER = com.JoshRondestvedt.CheckdUITests;
				PRODUCT_NAME = "$(TARGET_NAME)";
				SWIFT_EMIT_LOC_STRINGS = NO;
				SWIFT_VERSION = 5.0;
				TARGETED_DEVICE_FAMILY = "1,2";
				TEST_TARGET_NAME = Checkd;
			};
			name = Release;
		};
/* End XCBuildConfiguration section */

/* Begin XCConfigurationList section */
		571B7AF1284ABC71006BAEEB /* Build configuration list for PBXProject "Checkd" */ = {
			isa = XCConfigurationList;
			buildConfigurations = (
				571B7B1D284ABC73006BAEEB /* Debug */,
				571B7B1E284ABC73006BAEEB /* Release */,
			);
			defaultConfigurationIsVisible = 0;
			defaultConfigurationName = Release;
		};
		571B7B1F284ABC73006BAEEB /* Build configuration list for PBXNativeTarget "Checkd" */ = {
			isa = XCConfigurationList;
			buildConfigurations = (
				571B7B20284ABC73006BAEEB /* Debug */,
				571B7B21284ABC73006BAEEB /* Release */,
			);
			defaultConfigurationIsVisible = 0;
			defaultConfigurationName = Release;
		};
		571B7B22284ABC73006BAEEB /* Build configuration list for PBXNativeTarget "CheckdTests" */ = {
			isa = XCConfigurationList;
			buildConfigurations = (
				571B7B23284ABC73006BAEEB /* Debug */,
				571B7B24284ABC73006BAEEB /* Release */,
			);
			defaultConfigurationIsVisible = 0;
			defaultConfigurationName = Release;
		};
		571B7B25284ABC73006BAEEB /* Build configuration list for PBXNativeTarget "CheckdUITests" */ = {
			isa = XCConfigurationList;
			buildConfigurations = (
				571B7B26284ABC73006BAEEB /* Debug */,
				571B7B27284ABC73006BAEEB /* Release */,
			);
			defaultConfigurationIsVisible = 0;
			defaultConfigurationName = Release;
		};
/* End XCConfigurationList section */

/* Begin XCVersionGroup section */
		571B7B04284ABC73006BAEEB /* Checkd.xcdatamodeld */ = {
			isa = XCVersionGroup;
			children = (
				571B7B05284ABC73006BAEEB /* Checkd.xcdatamodel */,
			);
			currentVersion = 571B7B05284ABC73006BAEEB /* Checkd.xcdatamodel */;
			path = Checkd.xcdatamodeld;
			sourceTree = "<group>";
			versionGroupType = wrapper.xcdatamodel;
		};
/* End XCVersionGroup section */
	};
	rootObject = 571B7AEE284ABC71006BAEEB /* Project object */;
}
